
Microsoft Visual Studio Solution File, Format Version 12.00
# Visual Studio 15
VisualStudioVersion = 15.0.28307.2017
MinimumVisualStudioVersion = 10.0.40219.1
Project("{FAE04EC0-301F-11D3-BF4B-00C04F79EFBC}") = "Vs.Category", "Vs.Category\Vs.Category.csproj", "{DD7CF911-F80E-4868-976B-3749B9E513CB}"
EndProject
Global
	GlobalSection(SolutionConfigurationPlatforms) = preSolution
		Debug|Any CPU = Debug|Any CPU
		Release|Any CPU = Release|Any CPU
	EndGlobalSection
	GlobalSection(ProjectConfigurationPlatforms) = postSolution
		{DD7CF911-F80E-4868-976B-3749B9E513CB}.Debug|Any CPU.ActiveCfg = Debug|Any CPU
		{DD7CF911-F80E-4868-976B-3749B9E513CB}.Debug|Any CPU.Build.0 = Debug|Any CPU
		{DD7CF911-F80E-4868-976B-3749B9E513CB}.Release|Any CPU.ActiveCfg = Release|Any CPU
		{DD7CF911-F80E-4868-976B-3749B9E513CB}.Release|Any CPU.Build.0 = Release|Any CPU
	EndGlobalSection
	GlobalSection(SolutionProperties) = preSolution
		HideSolutionNode = FALSE
	EndGlobalSection
	GlobalSection(ExtensibilityGlobals) = postSolution
		SolutionGuid = {797C48D8-8BAE-4072-946F-7369C6469ADF}
	EndGlobalSection
EndGlobal
