
Microsoft Visual Studio Solution File, Format Version 12.00
# Visual Studio 15
VisualStudioVersion = 15.0.28307.2017
MinimumVisualStudioVersion = 10.0.40219.1
Project("{FAE04EC0-301F-11D3-BF4B-00C04F79EFBC}") = "Vs.TimeAttendance", "Vs.TimeAttendance\Vs.TimeAttendance.csproj", "{ADB5D1D7-FFBB-4702-937D-08FF0CF9342F}"
EndProject
Global
	GlobalSection(SolutionConfigurationPlatforms) = preSolution
		Debug|Any CPU = Debug|Any CPU
		Release|Any CPU = Release|Any CPU
	EndGlobalSection
	GlobalSection(ProjectConfigurationPlatforms) = postSolution
		{ADB5D1D7-FFBB-4702-937D-08FF0CF9342F}.Debug|Any CPU.ActiveCfg = Debug|Any CPU
		{ADB5D1D7-FFBB-4702-937D-08FF0CF9342F}.Debug|Any CPU.Build.0 = Debug|Any CPU
		{ADB5D1D7-FFBB-4702-937D-08FF0CF9342F}.Release|Any CPU.ActiveCfg = Release|Any CPU
		{ADB5D1D7-FFBB-4702-937D-08FF0CF9342F}.Release|Any CPU.Build.0 = Release|Any CPU
	EndGlobalSection
	GlobalSection(SolutionProperties) = preSolution
		HideSolutionNode = FALSE
	EndGlobalSection
	GlobalSection(ExtensibilityGlobals) = postSolution
		SolutionGuid = {DC05108A-BEFF-4199-96B8-9F8C705EB345}
	EndGlobalSection
EndGlobal
